// !$*UTF8*$!
{
	archiveVersion = 1;
	classes = {
	};
	objectVersion = 56;
	objects = {

/* Begin PBXBuildFile section */
		E50FBF602A8F938F00ACF024 /* QuestCheckTabView.swift in Sources */ = {isa = PBXBuildFile; fileRef = E50FBF5F2A8F938F00ACF024 /* QuestCheckTabView.swift */; };
		E50FBF622A8F93B200ACF024 /* QuestPostTabView.swift in Sources */ = {isa = PBXBuildFile; fileRef = E50FBF612A8F93B200ACF024 /* QuestPostTabView.swift */; };
		E50FBF682A8FA4C300ACF024 /* QuestAddView.swift in Sources */ = {isa = PBXBuildFile; fileRef = E50FBF672A8FA4C300ACF024 /* QuestAddView.swift */; };
		E50FBF6B2A8FB73600ACF024 /* StatisticsView.swift in Sources */ = {isa = PBXBuildFile; fileRef = E50FBF6A2A8FB73600ACF024 /* StatisticsView.swift */; };
		E50FBF6D2A8FB78500ACF024 /* StatisticsSubmitFinishedTabView.swift in Sources */ = {isa = PBXBuildFile; fileRef = E50FBF6C2A8FB78500ACF024 /* StatisticsSubmitFinishedTabView.swift */; };
		E50FBF6F2A8FB79600ACF024 /* StatisticsUsedFinishedTabView.swift in Sources */ = {isa = PBXBuildFile; fileRef = E50FBF6E2A8FB79600ACF024 /* StatisticsUsedFinishedTabView.swift */; };
		E50FBF722A8FB86B00ACF024 /* StatisticsComponent.swift in Sources */ = {isa = PBXBuildFile; fileRef = E50FBF712A8FB86B00ACF024 /* StatisticsComponent.swift */; };
		E50FBF742A8FC92000ACF024 /* ReceiptView.swift in Sources */ = {isa = PBXBuildFile; fileRef = E50FBF732A8FC92000ACF024 /* ReceiptView.swift */; };
		E50FBF762A8FCC5200ACF024 /* ReceiptCheckView.swift in Sources */ = {isa = PBXBuildFile; fileRef = E50FBF752A8FCC5200ACF024 /* ReceiptCheckView.swift */; };
		E50FBF782A8FCC7D00ACF024 /* ReceiptComponent.swift in Sources */ = {isa = PBXBuildFile; fileRef = E50FBF772A8FCC7D00ACF024 /* ReceiptComponent.swift */; };
		E50FBF7F2A90FAFB00ACF024 /* QuestTopTabbar.swift in Sources */ = {isa = PBXBuildFile; fileRef = E50FBF7E2A90FAFB00ACF024 /* QuestTopTabbar.swift */; };
		E50FBF822A90FB4E00ACF024 /* StatisticsTopTabbar.swift in Sources */ = {isa = PBXBuildFile; fileRef = E50FBF812A90FB4E00ACF024 /* StatisticsTopTabbar.swift */; };
		E5AD2A142A8F37C4009F3125 /* BossTestUIApp.swift in Sources */ = {isa = PBXBuildFile; fileRef = E5AD2A132A8F37C4009F3125 /* BossTestUIApp.swift */; };
		E5AD2A162A8F37C4009F3125 /* ContentView.swift in Sources */ = {isa = PBXBuildFile; fileRef = E5AD2A152A8F37C4009F3125 /* ContentView.swift */; };
		E5AD2A182A8F37C6009F3125 /* Assets.xcassets in Resources */ = {isa = PBXBuildFile; fileRef = E5AD2A172A8F37C6009F3125 /* Assets.xcassets */; };
		E5AD2A1C2A8F37C6009F3125 /* Preview Assets.xcassets in Resources */ = {isa = PBXBuildFile; fileRef = E5AD2A1B2A8F37C6009F3125 /* Preview Assets.xcassets */; };
		E5AD2A242A8F37E1009F3125 /* QuestComponent.swift in Sources */ = {isa = PBXBuildFile; fileRef = E5AD2A232A8F37E1009F3125 /* QuestComponent.swift */; };
		E5AD2A262A8F37F0009F3125 /* QuestView.swift in Sources */ = {isa = PBXBuildFile; fileRef = E5AD2A252A8F37F0009F3125 /* QuestView.swift */; };
/* End PBXBuildFile section */

/* Begin PBXFileReference section */
		E50FBF5F2A8F938F00ACF024 /* QuestCheckTabView.swift */ = {isa = PBXFileReference; lastKnownFileType = sourcecode.swift; path = QuestCheckTabView.swift; sourceTree = "<group>"; };
		E50FBF612A8F93B200ACF024 /* QuestPostTabView.swift */ = {isa = PBXFileReference; lastKnownFileType = sourcecode.swift; path = QuestPostTabView.swift; sourceTree = "<group>"; };
		E50FBF672A8FA4C300ACF024 /* QuestAddView.swift */ = {isa = PBXFileReference; lastKnownFileType = sourcecode.swift; path = QuestAddView.swift; sourceTree = "<group>"; };
		E50FBF6A2A8FB73600ACF024 /* StatisticsView.swift */ = {isa = PBXFileReference; lastKnownFileType = sourcecode.swift; path = StatisticsView.swift; sourceTree = "<group>"; };
		E50FBF6C2A8FB78500ACF024 /* StatisticsSubmitFinishedTabView.swift */ = {isa = PBXFileReference; lastKnownFileType = sourcecode.swift; path = StatisticsSubmitFinishedTabView.swift; sourceTree = "<group>"; };
		E50FBF6E2A8FB79600ACF024 /* StatisticsUsedFinishedTabView.swift */ = {isa = PBXFileReference; lastKnownFileType = sourcecode.swift; path = StatisticsUsedFinishedTabView.swift; sourceTree = "<group>"; };
		E50FBF712A8FB86B00ACF024 /* StatisticsComponent.swift */ = {isa = PBXFileReference; lastKnownFileType = sourcecode.swift; path = StatisticsComponent.swift; sourceTree = "<group>"; };
		E50FBF732A8FC92000ACF024 /* ReceiptView.swift */ = {isa = PBXFileReference; lastKnownFileType = sourcecode.swift; path = ReceiptView.swift; sourceTree = "<group>"; };
		E50FBF752A8FCC5200ACF024 /* ReceiptCheckView.swift */ = {isa = PBXFileReference; lastKnownFileType = sourcecode.swift; path = ReceiptCheckView.swift; sourceTree = "<group>"; };
		E50FBF772A8FCC7D00ACF024 /* ReceiptComponent.swift */ = {isa = PBXFileReference; lastKnownFileType = sourcecode.swift; path = ReceiptComponent.swift; sourceTree = "<group>"; };
		E50FBF7E2A90FAFB00ACF024 /* QuestTopTabbar.swift */ = {isa = PBXFileReference; lastKnownFileType = sourcecode.swift; path = QuestTopTabbar.swift; sourceTree = "<group>"; };
		E50FBF812A90FB4E00ACF024 /* StatisticsTopTabbar.swift */ = {isa = PBXFileReference; lastKnownFileType = sourcecode.swift; path = StatisticsTopTabbar.swift; sourceTree = "<group>"; };
		E5AD2A102A8F37C4009F3125 /* BossTestUI.app */ = {isa = PBXFileReference; explicitFileType = wrapper.application; includeInIndex = 0; path = BossTestUI.app; sourceTree = BUILT_PRODUCTS_DIR; };
		E5AD2A132A8F37C4009F3125 /* BossTestUIApp.swift */ = {isa = PBXFileReference; lastKnownFileType = sourcecode.swift; path = BossTestUIApp.swift; sourceTree = "<group>"; };
		E5AD2A152A8F37C4009F3125 /* ContentView.swift */ = {isa = PBXFileReference; lastKnownFileType = sourcecode.swift; path = ContentView.swift; sourceTree = "<group>"; };
		E5AD2A172A8F37C6009F3125 /* Assets.xcassets */ = {isa = PBXFileReference; lastKnownFileType = folder.assetcatalog; path = Assets.xcassets; sourceTree = "<group>"; };
		E5AD2A192A8F37C6009F3125 /* BossTestUI.entitlements */ = {isa = PBXFileReference; lastKnownFileType = text.plist.entitlements; path = BossTestUI.entitlements; sourceTree = "<group>"; };
		E5AD2A1B2A8F37C6009F3125 /* Preview Assets.xcassets */ = {isa = PBXFileReference; lastKnownFileType = folder.assetcatalog; path = "Preview Assets.xcassets"; sourceTree = "<group>"; };
		E5AD2A232A8F37E1009F3125 /* QuestComponent.swift */ = {isa = PBXFileReference; lastKnownFileType = sourcecode.swift; path = QuestComponent.swift; sourceTree = "<group>"; };
		E5AD2A252A8F37F0009F3125 /* QuestView.swift */ = {isa = PBXFileReference; lastKnownFileType = sourcecode.swift; path = QuestView.swift; sourceTree = "<group>"; };
/* End PBXFileReference section */

/* Begin PBXFrameworksBuildPhase section */
		E5AD2A0D2A8F37C4009F3125 /* Frameworks */ = {
			isa = PBXFrameworksBuildPhase;
			buildActionMask = 2147483647;
			files = (
			);
			runOnlyForDeploymentPostprocessing = 0;
		};
/* End PBXFrameworksBuildPhase section */

/* Begin PBXGroup section */
		E50FBF692A8FB6BE00ACF024 /* Component */ = {
			isa = PBXGroup;
			children = (
				E5AD2A232A8F37E1009F3125 /* QuestComponent.swift */,
				E50FBF772A8FCC7D00ACF024 /* ReceiptComponent.swift */,
				E50FBF712A8FB86B00ACF024 /* StatisticsComponent.swift */,
			);
			path = Component;
			sourceTree = "<group>";
		};
		E50FBF702A8FB82E00ACF024 /* TabView */ = {
			isa = PBXGroup;
			children = (
				E50FBF6C2A8FB78500ACF024 /* StatisticsSubmitFinishedTabView.swift */,
				E50FBF6E2A8FB79600ACF024 /* StatisticsUsedFinishedTabView.swift */,
				E50FBF5F2A8F938F00ACF024 /* QuestCheckTabView.swift */,
				E50FBF612A8F93B200ACF024 /* QuestPostTabView.swift */,
			);
			path = TabView;
			sourceTree = "<group>";
		};
		E50FBF7D2A90FAE900ACF024 /* TopTabbar */ = {
			isa = PBXGroup;
			children = (
				E50FBF7E2A90FAFB00ACF024 /* QuestTopTabbar.swift */,
				E50FBF812A90FB4E00ACF024 /* StatisticsTopTabbar.swift */,
			);
			path = TopTabbar;
			sourceTree = "<group>";
		};
		E5AD2A072A8F37C4009F3125 = {
			isa = PBXGroup;
			children = (
				E5AD2A132A8F37C4009F3125 /* BossTestUIApp.swift */,
				E5AD2A152A8F37C4009F3125 /* ContentView.swift */,
				E5AD2A122A8F37C4009F3125 /* BossTestUI */,
				E5AD2A112A8F37C4009F3125 /* Products */,
			);
			sourceTree = "<group>";
		};
		E5AD2A112A8F37C4009F3125 /* Products */ = {
			isa = PBXGroup;
			children = (
				E5AD2A102A8F37C4009F3125 /* BossTestUI.app */,
			);
			name = Products;
			sourceTree = "<group>";
		};
		E5AD2A122A8F37C4009F3125 /* BossTestUI */ = {
			isa = PBXGroup;
			children = (
				E50FBF7D2A90FAE900ACF024 /* TopTabbar */,
				E5AD2A222A8F37CF009F3125 /* View */,
				E5AD2A172A8F37C6009F3125 /* Assets.xcassets */,
				E5AD2A192A8F37C6009F3125 /* BossTestUI.entitlements */,
				E5AD2A1A2A8F37C6009F3125 /* Preview Content */,
			);
			path = BossTestUI;
			sourceTree = "<group>";
		};
		E5AD2A1A2A8F37C6009F3125 /* Preview Content */ = {
			isa = PBXGroup;
			children = (
				E5AD2A1B2A8F37C6009F3125 /* Preview Assets.xcassets */,
			);
			path = "Preview Content";
			sourceTree = "<group>";
		};
		E5AD2A222A8F37CF009F3125 /* View */ = {
			isa = PBXGroup;
			children = (
				E5AD2A252A8F37F0009F3125 /* QuestView.swift */,
				E50FBF672A8FA4C300ACF024 /* QuestAddView.swift */,
				E50FBF6A2A8FB73600ACF024 /* StatisticsView.swift */,
				E50FBF732A8FC92000ACF024 /* ReceiptView.swift */,
				E50FBF752A8FCC5200ACF024 /* ReceiptCheckView.swift */,
				E50FBF702A8FB82E00ACF024 /* TabView */,
				E50FBF692A8FB6BE00ACF024 /* Component */,
			);
			path = View;
			sourceTree = "<group>";
		};
/* End PBXGroup section */

/* Begin PBXNativeTarget section */
		E5AD2A0F2A8F37C4009F3125 /* BossTestUI */ = {
			isa = PBXNativeTarget;
			buildConfigurationList = E5AD2A1F2A8F37C6009F3125 /* Build configuration list for PBXNativeTarget "BossTestUI" */;
			buildPhases = (
				E5AD2A0C2A8F37C4009F3125 /* Sources */,
				E5AD2A0D2A8F37C4009F3125 /* Frameworks */,
				E5AD2A0E2A8F37C4009F3125 /* Resources */,
			);
			buildRules = (
			);
			dependencies = (
			);
			name = BossTestUI;
			productName = BossTestUI;
			productReference = E5AD2A102A8F37C4009F3125 /* BossTestUI.app */;
			productType = "com.apple.product-type.application";
		};
/* End PBXNativeTarget section */

/* Begin PBXProject section */
		E5AD2A082A8F37C4009F3125 /* Project object */ = {
			isa = PBXProject;
			attributes = {
				BuildIndependentTargetsInParallel = 1;
				LastSwiftUpdateCheck = 1430;
				LastUpgradeCheck = 1430;
				TargetAttributes = {
					E5AD2A0F2A8F37C4009F3125 = {
						CreatedOnToolsVersion = 14.3.1;
					};
				};
			};
			buildConfigurationList = E5AD2A0B2A8F37C4009F3125 /* Build configuration list for PBXProject "BossTestUI" */;
			compatibilityVersion = "Xcode 14.0";
			developmentRegion = en;
			hasScannedForEncodings = 0;
			knownRegions = (
				en,
				Base,
			);
			mainGroup = E5AD2A072A8F37C4009F3125;
			productRefGroup = E5AD2A112A8F37C4009F3125 /* Products */;
			projectDirPath = "";
			projectRoot = "";
			targets = (
				E5AD2A0F2A8F37C4009F3125 /* BossTestUI */,
			);
		};
/* End PBXProject section */

/* Begin PBXResourcesBuildPhase section */
		E5AD2A0E2A8F37C4009F3125 /* Resources */ = {
			isa = PBXResourcesBuildPhase;
			buildActionMask = 2147483647;
			files = (
				E5AD2A1C2A8F37C6009F3125 /* Preview Assets.xcassets in Resources */,
				E5AD2A182A8F37C6009F3125 /* Assets.xcassets in Resources */,
			);
			runOnlyForDeploymentPostprocessing = 0;
		};
/* End PBXResourcesBuildPhase section */

/* Begin PBXSourcesBuildPhase section */
		E5AD2A0C2A8F37C4009F3125 /* Sources */ = {
			isa = PBXSourcesBuildPhase;
			buildActionMask = 2147483647;
			files = (
				E5AD2A242A8F37E1009F3125 /* QuestComponent.swift in Sources */,
				E50FBF602A8F938F00ACF024 /* QuestCheckTabView.swift in Sources */,
				E50FBF722A8FB86B00ACF024 /* StatisticsComponent.swift in Sources */,
				E5AD2A162A8F37C4009F3125 /* ContentView.swift in Sources */,
				E50FBF7F2A90FAFB00ACF024 /* QuestTopTabbar.swift in Sources */,
				E50FBF682A8FA4C300ACF024 /* QuestAddView.swift in Sources */,
				E50FBF6F2A8FB79600ACF024 /* StatisticsUsedFinishedTabView.swift in Sources */,
				E50FBF6B2A8FB73600ACF024 /* StatisticsView.swift in Sources */,
				E50FBF622A8F93B200ACF024 /* QuestPostTabView.swift in Sources */,
				E50FBF782A8FCC7D00ACF024 /* ReceiptComponent.swift in Sources */,
				E50FBF822A90FB4E00ACF024 /* StatisticsTopTabbar.swift in Sources */,
				E5AD2A142A8F37C4009F3125 /* BossTestUIApp.swift in Sources */,
				E5AD2A262A8F37F0009F3125 /* QuestView.swift in Sources */,
				E50FBF742A8FC92000ACF024 /* ReceiptView.swift in Sources */,
				E50FBF762A8FCC5200ACF024 /* ReceiptCheckView.swift in Sources */,
				E50FBF6D2A8FB78500ACF024 /* StatisticsSubmitFinishedTabView.swift in Sources */,
			);
			runOnlyForDeploymentPostprocessing = 0;
		};
/* End PBXSourcesBuildPhase section */

/* Begin XCBuildConfiguration section */
		E5AD2A1D2A8F37C6009F3125 /* Debug */ = {
			isa = XCBuildConfiguration;
			buildSettings = {
				ALWAYS_SEARCH_USER_PATHS = NO;
				CLANG_ANALYZER_NONNULL = YES;
				CLANG_ANALYZER_NUMBER_OBJECT_CONVERSION = YES_AGGRESSIVE;
				CLANG_CXX_LANGUAGE_STANDARD = "gnu++20";
				CLANG_ENABLE_MODULES = YES;
				CLANG_ENABLE_OBJC_ARC = YES;
				CLANG_ENABLE_OBJC_WEAK = YES;
				CLANG_WARN_BLOCK_CAPTURE_AUTORELEASING = YES;
				CLANG_WARN_BOOL_CONVERSION = YES;
				CLANG_WARN_COMMA = YES;
				CLANG_WARN_CONSTANT_CONVERSION = YES;
				CLANG_WARN_DEPRECATED_OBJC_IMPLEMENTATIONS = YES;
				CLANG_WARN_DIRECT_OBJC_ISA_USAGE = YES_ERROR;
				CLANG_WARN_DOCUMENTATION_COMMENTS = YES;
				CLANG_WARN_EMPTY_BODY = YES;
				CLANG_WARN_ENUM_CONVERSION = YES;
				CLANG_WARN_INFINITE_RECURSION = YES;
				CLANG_WARN_INT_CONVERSION = YES;
				CLANG_WARN_NON_LITERAL_NULL_CONVERSION = YES;
				CLANG_WARN_OBJC_IMPLICIT_RETAIN_SELF = YES;
				CLANG_WARN_OBJC_LITERAL_CONVERSION = YES;
				CLANG_WARN_OBJC_ROOT_CLASS = YES_ERROR;
				CLANG_WARN_QUOTED_INCLUDE_IN_FRAMEWORK_HEADER = YES;
				CLANG_WARN_RANGE_LOOP_ANALYSIS = YES;
				CLANG_WARN_STRICT_PROTOTYPES = YES;
				CLANG_WARN_SUSPICIOUS_MOVE = YES;
				CLANG_WARN_UNGUARDED_AVAILABILITY = YES_AGGRESSIVE;
				CLANG_WARN_UNREACHABLE_CODE = YES;
				CLANG_WARN__DUPLICATE_METHOD_MATCH = YES;
				COPY_PHASE_STRIP = NO;
				DEBUG_INFORMATION_FORMAT = dwarf;
				ENABLE_STRICT_OBJC_MSGSEND = YES;
				ENABLE_TESTABILITY = YES;
				GCC_C_LANGUAGE_STANDARD = gnu11;
				GCC_DYNAMIC_NO_PIC = NO;
				GCC_NO_COMMON_BLOCKS = YES;
				GCC_OPTIMIZATION_LEVEL = 0;
				GCC_PREPROCESSOR_DEFINITIONS = (
					"DEBUG=1",
					"$(inherited)",
				);
				GCC_WARN_64_TO_32_BIT_CONVERSION = YES;
				GCC_WARN_ABOUT_RETURN_TYPE = YES_ERROR;
				GCC_WARN_UNDECLARED_SELECTOR = YES;
				GCC_WARN_UNINITIALIZED_AUTOS = YES_AGGRESSIVE;
				GCC_WARN_UNUSED_FUNCTION = YES;
				GCC_WARN_UNUSED_VARIABLE = YES;
				MTL_ENABLE_DEBUG_INFO = INCLUDE_SOURCE;
				MTL_FAST_MATH = YES;
				ONLY_ACTIVE_ARCH = YES;
				SWIFT_ACTIVE_COMPILATION_CONDITIONS = DEBUG;
				SWIFT_OPTIMIZATION_LEVEL = "-Onone";
			};
			name = Debug;
		};
		E5AD2A1E2A8F37C6009F3125 /* Release */ = {
			isa = XCBuildConfiguration;
			buildSettings = {
				ALWAYS_SEARCH_USER_PATHS = NO;
				CLANG_ANALYZER_NONNULL = YES;
				CLANG_ANALYZER_NUMBER_OBJECT_CONVERSION = YES_AGGRESSIVE;
				CLANG_CXX_LANGUAGE_STANDARD = "gnu++20";
				CLANG_ENABLE_MODULES = YES;
				CLANG_ENABLE_OBJC_ARC = YES;
				CLANG_ENABLE_OBJC_WEAK = YES;
				CLANG_WARN_BLOCK_CAPTURE_AUTORELEASING = YES;
				CLANG_WARN_BOOL_CONVERSION = YES;
				CLANG_WARN_COMMA = YES;
				CLANG_WARN_CONSTANT_CONVERSION = YES;
				CLANG_WARN_DEPRECATED_OBJC_IMPLEMENTATIONS = YES;
				CLANG_WARN_DIRECT_OBJC_ISA_USAGE = YES_ERROR;
				CLANG_WARN_DOCUMENTATION_COMMENTS = YES;
				CLANG_WARN_EMPTY_BODY = YES;
				CLANG_WARN_ENUM_CONVERSION = YES;
				CLANG_WARN_INFINITE_RECURSION = YES;
				CLANG_WARN_INT_CONVERSION = YES;
				CLANG_WARN_NON_LITERAL_NULL_CONVERSION = YES;
				CLANG_WARN_OBJC_IMPLICIT_RETAIN_SELF = YES;
				CLANG_WARN_OBJC_LITERAL_CONVERSION = YES;
				CLANG_WARN_OBJC_ROOT_CLASS = YES_ERROR;
				CLANG_WARN_QUOTED_INCLUDE_IN_FRAMEWORK_HEADER = YES;
				CLANG_WARN_RANGE_LOOP_ANALYSIS = YES;
				CLANG_WARN_STRICT_PROTOTYPES = YES;
				CLANG_WARN_SUSPICIOUS_MOVE = YES;
				CLANG_WARN_UNGUARDED_AVAILABILITY = YES_AGGRESSIVE;
				CLANG_WARN_UNREACHABLE_CODE = YES;
				CLANG_WARN__DUPLICATE_METHOD_MATCH = YES;
				COPY_PHASE_STRIP = NO;
				DEBUG_INFORMATION_FORMAT = "dwarf-with-dsym";
				ENABLE_NS_ASSERTIONS = NO;
				ENABLE_STRICT_OBJC_MSGSEND = YES;
				GCC_C_LANGUAGE_STANDARD = gnu11;
				GCC_NO_COMMON_BLOCKS = YES;
				GCC_WARN_64_TO_32_BIT_CONVERSION = YES;
				GCC_WARN_ABOUT_RETURN_TYPE = YES_ERROR;
				GCC_WARN_UNDECLARED_SELECTOR = YES;
				GCC_WARN_UNINITIALIZED_AUTOS = YES_AGGRESSIVE;
				GCC_WARN_UNUSED_FUNCTION = YES;
				GCC_WARN_UNUSED_VARIABLE = YES;
				MTL_ENABLE_DEBUG_INFO = NO;
				MTL_FAST_MATH = YES;
				SWIFT_COMPILATION_MODE = wholemodule;
				SWIFT_OPTIMIZATION_LEVEL = "-O";
			};
			name = Release;
		};
		E5AD2A202A8F37C6009F3125 /* Debug */ = {
			isa = XCBuildConfiguration;
			buildSettings = {
				ASSETCATALOG_COMPILER_APPICON_NAME = AppIcon;
				ASSETCATALOG_COMPILER_GLOBAL_ACCENT_COLOR_NAME = AccentColor;
				CODE_SIGN_ENTITLEMENTS = BossTestUI/BossTestUI.entitlements;
				CODE_SIGN_STYLE = Automatic;
				CURRENT_PROJECT_VERSION = 1;
				DEVELOPMENT_ASSET_PATHS = "\"BossTestUI/Preview Content\"";
				DEVELOPMENT_TEAM = 6CNX5P6BQG;
				ENABLE_HARDENED_RUNTIME = YES;
				ENABLE_PREVIEWS = YES;
				GENERATE_INFOPLIST_FILE = YES;
				"INFOPLIST_KEY_UIApplicationSceneManifest_Generation[sdk=iphoneos*]" = YES;
				"INFOPLIST_KEY_UIApplicationSceneManifest_Generation[sdk=iphonesimulator*]" = YES;
				"INFOPLIST_KEY_UIApplicationSupportsIndirectInputEvents[sdk=iphoneos*]" = YES;
				"INFOPLIST_KEY_UIApplicationSupportsIndirectInputEvents[sdk=iphonesimulator*]" = YES;
				"INFOPLIST_KEY_UILaunchScreen_Generation[sdk=iphoneos*]" = YES;
				"INFOPLIST_KEY_UILaunchScreen_Generation[sdk=iphonesimulator*]" = YES;
				"INFOPLIST_KEY_UIStatusBarStyle[sdk=iphoneos*]" = UIStatusBarStyleDefault;
				"INFOPLIST_KEY_UIStatusBarStyle[sdk=iphonesimulator*]" = UIStatusBarStyleDefault;
				INFOPLIST_KEY_UISupportedInterfaceOrientations_iPad = "UIInterfaceOrientationPortrait UIInterfaceOrientationPortraitUpsideDown UIInterfaceOrientationLandscapeLeft UIInterfaceOrientationLandscapeRight";
				INFOPLIST_KEY_UISupportedInterfaceOrientations_iPhone = "UIInterfaceOrientationPortrait UIInterfaceOrientationLandscapeLeft UIInterfaceOrientationLandscapeRight";
				IPHONEOS_DEPLOYMENT_TARGET = 16.4;
				LD_RUNPATH_SEARCH_PATHS = "@executable_path/Frameworks";
				"LD_RUNPATH_SEARCH_PATHS[sdk=macosx*]" = "@executable_path/../Frameworks";
				MACOSX_DEPLOYMENT_TARGET = 13.2;
				MARKETING_VERSION = 1.0;
				PRODUCT_BUNDLE_IDENTIFIER = com.077tech.BossTestUI;
				PRODUCT_NAME = "$(TARGET_NAME)";
				SDKROOT = auto;
				SUPPORTED_PLATFORMS = "iphoneos iphonesimulator macosx";
				SWIFT_EMIT_LOC_STRINGS = YES;
				SWIFT_VERSION = 5.0;
				TARGETED_DEVICE_FAMILY = "1,2";
			};
			name = Debug;
		};
		E5AD2A212A8F37C6009F3125 /* Release */ = {
			isa = XCBuildConfiguration;
			buildSettings = {
				ASSETCATALOG_COMPILER_APPICON_NAME = AppIcon;
				ASSETCATALOG_COMPILER_GLOBAL_ACCENT_COLOR_NAME = AccentColor;
				CODE_SIGN_ENTITLEMENTS = BossTestUI/BossTestUI.entitlements;
				CODE_SIGN_STYLE = Automatic;
				CURRENT_PROJECT_VERSION = 1;
				DEVELOPMENT_ASSET_PATHS = "\"BossTestUI/Preview Content\"";
				DEVELOPMENT_TEAM = 6CNX5P6BQG;
				ENABLE_HARDENED_RUNTIME = YES;
				ENABLE_PREVIEWS = YES;
				GENERATE_INFOPLIST_FILE = YES;
				"INFOPLIST_KEY_UIApplicationSceneManifest_Generation[sdk=iphoneos*]" = YES;
				"INFOPLIST_KEY_UIApplicationSceneManifest_Generation[sdk=iphonesimulator*]" = YES;
				"INFOPLIST_KEY_UIApplicationSupportsIndirectInputEvents[sdk=iphoneos*]" = YES;
				"INFOPLIST_KEY_UIApplicationSupportsIndirectInputEvents[sdk=iphonesimulator*]" = YES;
				"INFOPLIST_KEY_UILaunchScreen_Generation[sdk=iphoneos*]" = YES;
				"INFOPLIST_KEY_UILaunchScreen_Generation[sdk=iphonesimulator*]" = YES;
				"INFOPLIST_KEY_UIStatusBarStyle[sdk=iphoneos*]" = UIStatusBarStyleDefault;
				"INFOPLIST_KEY_UIStatusBarStyle[sdk=iphonesimulator*]" = UIStatusBarStyleDefault;
				INFOPLIST_KEY_UISupportedInterfaceOrientations_iPad = "UIInterfaceOrientationPortrait UIInterfaceOrientationPortraitUpsideDown UIInterfaceOrientationLandscapeLeft UIInterfaceOrientationLandscapeRight";
				INFOPLIST_KEY_UISupportedInterfaceOrientations_iPhone = "UIInterfaceOrientationPortrait UIInterfaceOrientationLandscapeLeft UIInterfaceOrientationLandscapeRight";
				IPHONEOS_DEPLOYMENT_TARGET = 16.4;
				LD_RUNPATH_SEARCH_PATHS = "@executable_path/Frameworks";
				"LD_RUNPATH_SEARCH_PATHS[sdk=macosx*]" = "@executable_path/../Frameworks";
				MACOSX_DEPLOYMENT_TARGET = 13.2;
				MARKETING_VERSION = 1.0;
				PRODUCT_BUNDLE_IDENTIFIER = com.077tech.BossTestUI;
				PRODUCT_NAME = "$(TARGET_NAME)";
				SDKROOT = auto;
				SUPPORTED_PLATFORMS = "iphoneos iphonesimulator macosx";
				SWIFT_EMIT_LOC_STRINGS = YES;
				SWIFT_VERSION = 5.0;
				TARGETED_DEVICE_FAMILY = "1,2";
			};
			name = Release;
		};
/* End XCBuildConfiguration section */

/* Begin XCConfigurationList section */
		E5AD2A0B2A8F37C4009F3125 /* Build configuration list for PBXProject "BossTestUI" */ = {
			isa = XCConfigurationList;
			buildConfigurations = (
				E5AD2A1D2A8F37C6009F3125 /* Debug */,
				E5AD2A1E2A8F37C6009F3125 /* Release */,
			);
			defaultConfigurationIsVisible = 0;
			defaultConfigurationName = Release;
		};
		E5AD2A1F2A8F37C6009F3125 /* Build configuration list for PBXNativeTarget "BossTestUI" */ = {
			isa = XCConfigurationList;
			buildConfigurations = (
				E5AD2A202A8F37C6009F3125 /* Debug */,
				E5AD2A212A8F37C6009F3125 /* Release */,
			);
			defaultConfigurationIsVisible = 0;
			defaultConfigurationName = Release;
		};
/* End XCConfigurationList section */
	};
	rootObject = E5AD2A082A8F37C4009F3125 /* Project object */;
}
